# THIS IS AN AUTOGENERATED FILE. DO NOT EDIT THIS FILE DIRECTLY.
# yarn lockfile v1


mixpanel-browser@^2.43.0:
  version "2.43.0"
  resolved "https://registry.yarnpkg.com/mixpanel-browser/-/mixpanel-browser-2.43.0.tgz#a4d4f97f5a7ca85411697ef70fa833177e67eb95"
  integrity sha512-6zOjFXaRRWYo7YdcBwa9Z6nk9zRkkxPd9Qa/KNRcjSJ0OkMv7ka/p8rR+6VqMeY93pia/7X31c/HU5YhqAXnEQ==
